<Solution>
  <Folder Name="/src/">
    <Project Path="src/OpsMonitor.Core/OpsMonitor.Core.csproj" />
    <Project Path="src/OpsMonitor.SensorBridge/OpsMonitor.SensorBridge.csproj" />
    <Project Path="src/OpsMonitor.Studio/OpsMonitor.Studio.csproj" />
    <Project Path="src/OpsMonitor.Widget/OpsMonitor.Widget.csproj" />
  </Folder>
  <Folder Name="/tests/">
    <Project Path="tests/OpsMonitor.SensorBridge.Tests/OpsMonitor.SensorBridge.Tests.csproj" />
    <Project Path="tests/OpsMonitor.Tests/OpsMonitor.Tests.csproj" />
  </Folder>
</Solution>
